<?xml version="1.0" encoding="utf-8"?>
<Project ToolsVersion="4.0" xmlns="http://schemas.microsoft.com/developer/msbuild/2003">
  <ItemGroup>
    <Filter Include="Runtime">
      <UniqueIdentifier>{4995DAC4-B574-5960-BE8C-E4362AEBBFC1}</UniqueIdentifier>
    </Filter>
    <Filter Include="Runtime\Core">
      <UniqueIdentifier>{416F811B-2DD2-10C0-D657-4976C299DC42}</UniqueIdentifier>
    </Filter>
    <Filter Include="Runtime\Core\Private">
      <UniqueIdentifier>{2BB7FC14-1746-86DE-C064-9AD9ACD29684}</UniqueIdentifier>
    </Filter>
    <Filter Include="Runtime\Core\Public">
      <UniqueIdentifier>{4F3F706D-BBA0-4D7B-440E-942DB06E843A}</UniqueIdentifier>
    </Filter>
    <Filter Include="Runtime\Engine">
      <UniqueIdentifier>{AE932C06-9A61-200C-83F5-90326F62FC70}</UniqueIdentifier>
    </Filter>
    <Filter Include="Runtime\Engine\Public">
      <UniqueIdentifier>{1C87B223-88F3-6D1E-51E7-057CBD129086}</UniqueIdentifier>
    </Filter>
    <Filter Include="Runtime\Engine\Public\Input">
      <UniqueIdentifier>{1B1CA475-8729-D25B-1010-CE467C1C9E12}</UniqueIdentifier>
    </Filter>
  </ItemGroup>
  <ItemGroup>
    <ClInclude Include="Source\GumaEngine.h" />
    <ClInclude Include="Source\Runtime\Core\Public\Application.h">
      <Filter>Runtime\Core\Public</Filter>
    </ClInclude>
    <ClInclude Include="Source\Runtime\Core\Public\Core.h">
      <Filter>Runtime\Core\Public</Filter>
    </ClInclude>
    <ClInclude Include="Source\Runtime\Core\Public\EntryPoint.h">
      <Filter>Runtime\Core\Public</Filter>
    </ClInclude>
    <ClInclude Include="Source\Runtime\Core\Public\Log.h">
      <Filter>Runtime\Core\Public</Filter>
    </ClInclude>
    <ClInclude Include="Source\Runtime\Engine\Public\Input\AppEvent.h">
      <Filter>Runtime\Engine\Public\Input</Filter>
    </ClInclude>
    <ClInclude Include="Source\Runtime\Engine\Public\Input\Event.h">
      <Filter>Runtime\Engine\Public\Input</Filter>
    </ClInclude>
    <ClInclude Include="Source\Runtime\Engine\Public\Input\InputCodes.h">
      <Filter>Runtime\Engine\Public\Input</Filter>
    </ClInclude>
    <ClInclude Include="Source\Runtime\Engine\Public\Input\InputEvent.h">
      <Filter>Runtime\Engine\Public\Input</Filter>
    </ClInclude>
  </ItemGroup>
  <ItemGroup>
    <ClCompile Include="Source\Runtime\Core\Private\Application.cpp">
      <Filter>Runtime\Core\Private</Filter>
    </ClCompile>
    <ClCompile Include="Source\Runtime\Core\Private\Log.cpp">
      <Filter>Runtime\Core\Private</Filter>
    </ClCompile>
  </ItemGroup>
</Project>